
Microsoft Visual Studio Solution File, Format Version 12.00
# Visual Studio Version 17
VisualStudioVersion = 17.11.35208.52
MinimumVisualStudioVersion = 10.0.40219.1
Project("{FAE04EC0-301F-11D3-BF4B-00C04F79EFBC}") = "MethodsAndObjects", "inheritance\MethodsAndObjects.csproj", "{B99F9C4B-48A0-4627-A0E4-B2FAD4DA88A6}"
EndProject
Global
	GlobalSection(SolutionConfigurationPlatforms) = preSolution
		Debug|Any CPU = Debug|Any CPU
		Release|Any CPU = Release|Any CPU
	EndGlobalSection
	GlobalSection(ProjectConfigurationPlatforms) = postSolution
		{B99F9C4B-48A0-4627-A0E4-B2FAD4DA88A6}.Debug|Any CPU.ActiveCfg = Debug|Any CPU
		{B99F9C4B-48A0-4627-A0E4-B2FAD4DA88A6}.Debug|Any CPU.Build.0 = Debug|Any CPU
		{B99F9C4B-48A0-4627-A0E4-B2FAD4DA88A6}.Release|Any CPU.ActiveCfg = Release|Any CPU
		{B99F9C4B-48A0-4627-A0E4-B2FAD4DA88A6}.Release|Any CPU.Build.0 = Release|Any CPU
	EndGlobalSection
	GlobalSection(SolutionProperties) = preSolution
		HideSolutionNode = FALSE
	EndGlobalSection
	GlobalSection(ExtensibilityGlobals) = postSolution
		SolutionGuid = {51085367-F692-4D68-9740-6B1A659942BC}
	EndGlobalSection
EndGlobal
