
Microsoft Visual Studio Solution File, Format Version 12.00
# Visual Studio Version 17
VisualStudioVersion = 17.11.35208.52
MinimumVisualStudioVersion = 10.0.40219.1
Project("{FAE04EC0-301F-11D3-BF4B-00C04F79EFBC}") = "Class", "Class\Class.csproj", "{FACDB934-E1A4-4972-8E7A-ADF492BE718F}"
EndProject
Global
	GlobalSection(SolutionConfigurationPlatforms) = preSolution
		Debug|Any CPU = Debug|Any CPU
		Release|Any CPU = Release|Any CPU
	EndGlobalSection
	GlobalSection(ProjectConfigurationPlatforms) = postSolution
		{FACDB934-E1A4-4972-8E7A-ADF492BE718F}.Debug|Any CPU.ActiveCfg = Debug|Any CPU
		{FACDB934-E1A4-4972-8E7A-ADF492BE718F}.Debug|Any CPU.Build.0 = Debug|Any CPU
		{FACDB934-E1A4-4972-8E7A-ADF492BE718F}.Release|Any CPU.ActiveCfg = Release|Any CPU
		{FACDB934-E1A4-4972-8E7A-ADF492BE718F}.Release|Any CPU.Build.0 = Release|Any CPU
	EndGlobalSection
	GlobalSection(SolutionProperties) = preSolution
		HideSolutionNode = FALSE
	EndGlobalSection
	GlobalSection(ExtensibilityGlobals) = postSolution
		SolutionGuid = {48C69421-3BA8-45BE-9B3E-E07A74D63AFA}
	EndGlobalSection
EndGlobal
